Microsoft Visual Studio Solution File, Format Version 11.00
# Visual Studio 2008

Project("{6269715D-198B-0863-C725-462D1173F4AE}") = "scopecreep", "Assembly-CSharp.csproj", "{D1971582-5303-D198-0236-31CC4C85CD83}"
EndProject
Global
	GlobalSection(SolutionConfigurationPlatforms) = preSolution
		Debug|Any CPU = Debug|Any CPU
		Release|Any CPU = Release|Any CPU
	EndGlobalSection
	GlobalSection(ProjectConfigurationPlatforms) = postSolution
		{D1971582-5303-D198-0236-31CC4C85CD83}.Debug|Any CPU.ActiveCfg = Debug|Any CPU
		{D1971582-5303-D198-0236-31CC4C85CD83}.Debug|Any CPU.Build.0 = Debug|Any CPU
		{D1971582-5303-D198-0236-31CC4C85CD83}.Release|Any CPU.ActiveCfg = Release|Any CPU
		{D1971582-5303-D198-0236-31CC4C85CD83}.Release|Any CPU.Build.0 = Release|Any CPU
	EndGlobalSection
	GlobalSection(SolutionProperties) = preSolution
		HideSolutionNode = FALSE
	EndGlobalSection
	GlobalSection(MonoDevelopProperties) = preSolution
		StartupItem = Assembly-CSharp.csproj
	EndGlobalSection
EndGlobal
