Microsoft Visual Studio Solution File, Format Version 11.00
# Visual Studio 2008

Project("{AF9B45BD-D388-8D1C-3FD3-8162329B0267}") = "ScopeCreep", "Assembly-CSharp.csproj", "{EBF96C21-7AFE-7798-7657-E78239CE7611}"
EndProject
Global
	GlobalSection(SolutionConfigurationPlatforms) = preSolution
		Debug|Any CPU = Debug|Any CPU
		Release|Any CPU = Release|Any CPU
	EndGlobalSection
	GlobalSection(ProjectConfigurationPlatforms) = postSolution
		{EBF96C21-7AFE-7798-7657-E78239CE7611}.Debug|Any CPU.ActiveCfg = Debug|Any CPU
		{EBF96C21-7AFE-7798-7657-E78239CE7611}.Debug|Any CPU.Build.0 = Debug|Any CPU
		{EBF96C21-7AFE-7798-7657-E78239CE7611}.Release|Any CPU.ActiveCfg = Release|Any CPU
		{EBF96C21-7AFE-7798-7657-E78239CE7611}.Release|Any CPU.Build.0 = Release|Any CPU
	EndGlobalSection
	GlobalSection(SolutionProperties) = preSolution
		HideSolutionNode = FALSE
	EndGlobalSection
	GlobalSection(MonoDevelopProperties) = preSolution
		StartupItem = Assembly-CSharp.csproj
	EndGlobalSection
EndGlobal
